
Microsoft Visual Studio Solution File, Format Version 12.00
# Visual Studio Version 17
VisualStudioVersion = 17.8.34322.80
MinimumVisualStudioVersion = 10.0.40219.1
Project("{2150E333-8FDC-42A3-9474-1A3956D46DE8}") = "Services", "Services", "{683F0CA0-391C-46D0-9F85-1BB8794F5433}"
EndProject
Project("{2150E333-8FDC-42A3-9474-1A3956D46DE8}") = "Catalogs", "Catalogs", "{8F1862DC-73C0-47DA-8D30-3BEDE74BBD66}"
EndProject
Project("{2150E333-8FDC-42A3-9474-1A3956D46DE8}") = "Doc", "Doc", "{992358FD-4E48-42AA-9908-2D307030C95E}"
	ProjectSection(SolutionItems) = preProject
		001.txt = 001.txt
	EndProjectSection
EndProject
Project("{2150E333-8FDC-42A3-9474-1A3956D46DE8}") = "Src", "Src", "{50201AEA-D755-45BF-9B51-15861BDE5CC2}"
EndProject
Project("{2150E333-8FDC-42A3-9474-1A3956D46DE8}") = "Test", "Test", "{F23F986C-34D2-4178-8DBE-CB31361BEF36}"
EndProject
Project("{2150E333-8FDC-42A3-9474-1A3956D46DE8}") = "Common", "Common", "{75A932D4-52B8-4EAA-AC83-1187E1BC18C9}"
EndProject
Project("{2150E333-8FDC-42A3-9474-1A3956D46DE8}") = "Core", "Core", "{0BCEA4E1-B7C6-421D-9176-A6F1DB54181A}"
EndProject
Project("{2150E333-8FDC-42A3-9474-1A3956D46DE8}") = "Infrastructure", "Infrastructure", "{C72318AE-15FA-4BE9-AA27-799C3AF04D42}"
EndProject
Project("{2150E333-8FDC-42A3-9474-1A3956D46DE8}") = "Peresentation", "Peresentation", "{787BFA14-269A-485C-B827-2696F807B1F5}"
EndProject
Project("{9A19103F-16F7-4668-BE54-9A1E7A4F7556}") = "Catalog.Api", "Services\Catalogs\Catalog.Api\Catalog.Api.csproj", "{72356ADA-9661-4BD1-9A58-100D5077661F}"
EndProject
Project("{9A19103F-16F7-4668-BE54-9A1E7A4F7556}") = "Catalog.Persistance", "Services\Catalogs\Catalog.Persistance\Catalog.Persistance.csproj", "{AC59AA1E-C265-4F03-BCF9-89DDBE820536}"
EndProject
Project("{9A19103F-16F7-4668-BE54-9A1E7A4F7556}") = "Catalog.Infrastructure", "Services\Catalogs\Catalog.Infrastructure\Catalog.Infrastructure.csproj", "{58333B7C-1355-4EB3-AF73-B8E314EBCB6D}"
EndProject
Project("{9A19103F-16F7-4668-BE54-9A1E7A4F7556}") = "Catalog.Application", "Services\Catalogs\Catalog.Application\Catalog.Application.csproj", "{F26F6EF2-1E9C-466A-9D37-0D75DF25A619}"
EndProject
Project("{9A19103F-16F7-4668-BE54-9A1E7A4F7556}") = "Catalog.Domain", "Services\Catalogs\Catalog.Domain\Catalog.Domain.csproj", "{DC1E77B0-D648-427F-B276-BFF5D36A5590}"
EndProject
Project("{9A19103F-16F7-4668-BE54-9A1E7A4F7556}") = "Catalog.Common", "Services\Catalogs\Catalog.Common\Catalog.Common.csproj", "{B658E1CD-F821-4DEB-A42C-90F3A4D39C50}"
EndProject
Project("{E53339B2-1760-4266-BCC7-CA923CBCF16C}") = "docker-compose", "docker-compose.dcproj", "{1ED4A14B-3197-41F9-9D36-7FCE78B08877}"
EndProject
Global
	GlobalSection(SolutionConfigurationPlatforms) = preSolution
		Debug|Any CPU = Debug|Any CPU
		Release|Any CPU = Release|Any CPU
	EndGlobalSection
	GlobalSection(ProjectConfigurationPlatforms) = postSolution
		{72356ADA-9661-4BD1-9A58-100D5077661F}.Debug|Any CPU.ActiveCfg = Debug|Any CPU
		{72356ADA-9661-4BD1-9A58-100D5077661F}.Debug|Any CPU.Build.0 = Debug|Any CPU
		{72356ADA-9661-4BD1-9A58-100D5077661F}.Release|Any CPU.ActiveCfg = Release|Any CPU
		{72356ADA-9661-4BD1-9A58-100D5077661F}.Release|Any CPU.Build.0 = Release|Any CPU
		{AC59AA1E-C265-4F03-BCF9-89DDBE820536}.Debug|Any CPU.ActiveCfg = Debug|Any CPU
		{AC59AA1E-C265-4F03-BCF9-89DDBE820536}.Debug|Any CPU.Build.0 = Debug|Any CPU
		{AC59AA1E-C265-4F03-BCF9-89DDBE820536}.Release|Any CPU.ActiveCfg = Release|Any CPU
		{AC59AA1E-C265-4F03-BCF9-89DDBE820536}.Release|Any CPU.Build.0 = Release|Any CPU
		{58333B7C-1355-4EB3-AF73-B8E314EBCB6D}.Debug|Any CPU.ActiveCfg = Debug|Any CPU
		{58333B7C-1355-4EB3-AF73-B8E314EBCB6D}.Debug|Any CPU.Build.0 = Debug|Any CPU
		{58333B7C-1355-4EB3-AF73-B8E314EBCB6D}.Release|Any CPU.ActiveCfg = Release|Any CPU
		{58333B7C-1355-4EB3-AF73-B8E314EBCB6D}.Release|Any CPU.Build.0 = Release|Any CPU
		{F26F6EF2-1E9C-466A-9D37-0D75DF25A619}.Debug|Any CPU.ActiveCfg = Debug|Any CPU
		{F26F6EF2-1E9C-466A-9D37-0D75DF25A619}.Debug|Any CPU.Build.0 = Debug|Any CPU
		{F26F6EF2-1E9C-466A-9D37-0D75DF25A619}.Release|Any CPU.ActiveCfg = Release|Any CPU
		{F26F6EF2-1E9C-466A-9D37-0D75DF25A619}.Release|Any CPU.Build.0 = Release|Any CPU
		{DC1E77B0-D648-427F-B276-BFF5D36A5590}.Debug|Any CPU.ActiveCfg = Debug|Any CPU
		{DC1E77B0-D648-427F-B276-BFF5D36A5590}.Debug|Any CPU.Build.0 = Debug|Any CPU
		{DC1E77B0-D648-427F-B276-BFF5D36A5590}.Release|Any CPU.ActiveCfg = Release|Any CPU
		{DC1E77B0-D648-427F-B276-BFF5D36A5590}.Release|Any CPU.Build.0 = Release|Any CPU
		{B658E1CD-F821-4DEB-A42C-90F3A4D39C50}.Debug|Any CPU.ActiveCfg = Debug|Any CPU
		{B658E1CD-F821-4DEB-A42C-90F3A4D39C50}.Debug|Any CPU.Build.0 = Debug|Any CPU
		{B658E1CD-F821-4DEB-A42C-90F3A4D39C50}.Release|Any CPU.ActiveCfg = Release|Any CPU
		{B658E1CD-F821-4DEB-A42C-90F3A4D39C50}.Release|Any CPU.Build.0 = Release|Any CPU
		{1ED4A14B-3197-41F9-9D36-7FCE78B08877}.Debug|Any CPU.ActiveCfg = Debug|Any CPU
		{1ED4A14B-3197-41F9-9D36-7FCE78B08877}.Debug|Any CPU.Build.0 = Debug|Any CPU
		{1ED4A14B-3197-41F9-9D36-7FCE78B08877}.Release|Any CPU.ActiveCfg = Release|Any CPU
		{1ED4A14B-3197-41F9-9D36-7FCE78B08877}.Release|Any CPU.Build.0 = Release|Any CPU
	EndGlobalSection
	GlobalSection(SolutionProperties) = preSolution
		HideSolutionNode = FALSE
	EndGlobalSection
	GlobalSection(NestedProjects) = preSolution
		{8F1862DC-73C0-47DA-8D30-3BEDE74BBD66} = {683F0CA0-391C-46D0-9F85-1BB8794F5433}
		{992358FD-4E48-42AA-9908-2D307030C95E} = {8F1862DC-73C0-47DA-8D30-3BEDE74BBD66}
		{50201AEA-D755-45BF-9B51-15861BDE5CC2} = {8F1862DC-73C0-47DA-8D30-3BEDE74BBD66}
		{F23F986C-34D2-4178-8DBE-CB31361BEF36} = {8F1862DC-73C0-47DA-8D30-3BEDE74BBD66}
		{75A932D4-52B8-4EAA-AC83-1187E1BC18C9} = {50201AEA-D755-45BF-9B51-15861BDE5CC2}
		{0BCEA4E1-B7C6-421D-9176-A6F1DB54181A} = {50201AEA-D755-45BF-9B51-15861BDE5CC2}
		{C72318AE-15FA-4BE9-AA27-799C3AF04D42} = {50201AEA-D755-45BF-9B51-15861BDE5CC2}
		{787BFA14-269A-485C-B827-2696F807B1F5} = {50201AEA-D755-45BF-9B51-15861BDE5CC2}
		{72356ADA-9661-4BD1-9A58-100D5077661F} = {787BFA14-269A-485C-B827-2696F807B1F5}
		{AC59AA1E-C265-4F03-BCF9-89DDBE820536} = {C72318AE-15FA-4BE9-AA27-799C3AF04D42}
		{58333B7C-1355-4EB3-AF73-B8E314EBCB6D} = {C72318AE-15FA-4BE9-AA27-799C3AF04D42}
		{F26F6EF2-1E9C-466A-9D37-0D75DF25A619} = {0BCEA4E1-B7C6-421D-9176-A6F1DB54181A}
		{DC1E77B0-D648-427F-B276-BFF5D36A5590} = {0BCEA4E1-B7C6-421D-9176-A6F1DB54181A}
		{B658E1CD-F821-4DEB-A42C-90F3A4D39C50} = {75A932D4-52B8-4EAA-AC83-1187E1BC18C9}
	EndGlobalSection
	GlobalSection(ExtensibilityGlobals) = postSolution
		SolutionGuid = {B6EB78F7-32EB-41B7-88FF-048B92650309}
	EndGlobalSection
EndGlobal
